{
  "version": "5",
  "specifiers": {
    "jsr:@hono/hono@4.9.6": "4.9.6",
    "jsr:@hono/hono@^4.9.6": "4.9.6",
    "jsr:@panva/jose@^6.1.0": "6.1.0",
    "jsr:@tijs/hono-oauth-sessions@0.2.2": "0.2.2",
    "jsr:@tijs/oauth-client-deno@1.0.1": "1.0.1",
    "npm:@atproto/syntax@0.4.0": "0.4.0",
    "npm:@types/node@*": "24.2.0",
    "npm:@valtown/sdk@0.37.0": "0.37.0",
    "npm:badge-maker@*": "5.0.2",
    "npm:iron-session@8.0.4": "8.0.4",
    "npm:mime-types@2.1.35": "2.1.35",
    "npm:preact-render-to-string@*": "6.5.13_preact@10.26.9",
    "npm:pretty-ms@*": "9.2.0"
  },
  "jsr": {
    "@hono/hono@4.9.6": {
      "integrity": "b85abb0013d167a290b1808d1d4d542dee269df31d4f47122023259fdd7e184b"
    },
    "@panva/jose@6.1.0": {
      "integrity": "9ecffef33d822f4326341ace652bf30eef30d4dc9f7134faf7901e5480c2e761"
    },
    "@tijs/hono-oauth-sessions@0.2.2": {
      "integrity": "c983e1007e1b1ec2a2dffc5b400ba7155a425c57c1c4a7ff117ad9dd8a1f6f38",
      "dependencies": [
        "jsr:@hono/hono@^4.9.6",
        "npm:@atproto/syntax",
        "npm:iron-session"
      ]
    },
    "@tijs/oauth-client-deno@1.0.1": {
      "integrity": "b66034ff5099dd818bc97d0c026f296577dd583dfaddf2ed11b4a07df0434cd7",
      "dependencies": [
        "jsr:@panva/jose",
        "npm:@atproto/syntax"
      ]
    }
  },
  "npm": {
    "@atproto/syntax@0.4.0": {
      "integrity": "sha512-b9y5ceHS8YKOfP3mdKmwAx5yVj9294UN7FG2XzP6V5aKUdFazEYRnR9m5n5ZQFKa3GNvz7de9guZCJ/sUTcOAA=="
    },
    "@types/node-fetch@2.6.12": {
      "integrity": "sha512-8nneRWKCg3rMtF69nLQJnOYUcbafYeFSjqkw3jCRLsqkWFlHaoQrr5mXmofFGOx3DKn7UfmBMyov8ySvLRVldA==",
      "dependencies": [
        "@types/node@24.2.0",
        "form-data"
      ]
    },
    "@types/node@18.19.124": {
      "integrity": "sha512-hY4YWZFLs3ku6D2Gqo3RchTd9VRCcrjqp/I0mmohYeUVA5Y8eCXKJEasHxLAJVZRJuQogfd1GiJ9lgogBgKeuQ==",
      "dependencies": [
        "undici-types@5.26.5"
      ]
    },
    "@types/node@24.2.0": {
      "integrity": "sha512-3xyG3pMCq3oYCNg7/ZP+E1ooTaGB4cG8JWRsqqOYQdbWNY4zbaV0Ennrd7stjiJEFZCaybcIgpTjJWHRfBSIDw==",
      "dependencies": [
        "undici-types@7.10.0"
      ]
    },
    "@valtown/sdk@0.37.0": {
      "integrity": "sha512-8YnynWRljje10MDRGJdftC5qU5FguFLYLDIauEjDUb5IlZbVevMdiunJpK7i37jDBm/QljCmIjPdPUpDE89snw==",
      "dependencies": [
        "@types/node@18.19.124",
        "@types/node-fetch",
        "abort-controller",
        "agentkeepalive",
        "form-data-encoder",
        "formdata-node",
        "node-fetch"
      ]
    },
    "abort-controller@3.0.0": {
      "integrity": "sha512-h8lQ8tacZYnR3vNQTgibj+tODHI5/+l06Au2Pcriv/Gmet0eaj4TwWH41sO9wnHDiQsEj19q0drzdWdeAHtweg==",
      "dependencies": [
        "event-target-shim"
      ]
    },
    "agentkeepalive@4.6.0": {
      "integrity": "sha512-kja8j7PjmncONqaTsB8fQ+wE2mSU2DJ9D4XKoJ5PFWIdRMa6SLSN1ff4mOr4jCbfRSsxR4keIiySJU0N9T5hIQ==",
      "dependencies": [
        "humanize-ms"
      ]
    },
    "anafanafo@2.0.0": {
      "integrity": "sha512-Nlfq7NC4AOkTJerWRIZcOAiMNtIDVIGWGvQ98O7Jl6Kr2Dk0dX5u4MqN778kSRTy5KRqchpLdF2RtLFEz9FVkQ==",
      "dependencies": [
        "char-width-table-consumer"
      ]
    },
    "asynckit@0.4.0": {
      "integrity": "sha512-Oei9OH4tRh0YqU3GxhX79dM/mwVgvbZJaSNaRk+bshkj0S5cfHcgYakreBjrHwatXKbz+IoIdYLxrKim2MjW0Q=="
    },
    "badge-maker@5.0.2": {
      "integrity": "sha512-Xd3YUmKPEShQcn6PFB03Wxq0RNJRFwVVroyRz0qIjSXwniYUGsGWNHqtNsQYi/Sbs8Ni7qAEf7LKgDOtcAoCDg==",
      "dependencies": [
        "anafanafo",
        "css-color-converter"
      ],
      "bin": true
    },
    "binary-search@1.3.6": {
      "integrity": "sha512-nbE1WxOTTrUWIfsfZ4aHGYu5DOuNkbxGokjV6Z2kxfJK3uaAb8zNK1muzOeipoLHZjInT4Br88BHpzevc681xA=="
    },
    "call-bind-apply-helpers@1.0.2": {
      "integrity": "sha512-Sp1ablJ0ivDkSzjcaJdxEunN5/XvksFJ2sMBFfq6x0ryhQV/2b/KwFe21cMpmHtPOSij8K99/wSfoEuTObmuMQ==",
      "dependencies": [
        "es-errors",
        "function-bind"
      ]
    },
    "char-width-table-consumer@1.0.0": {
      "integrity": "sha512-Fz4UD0LBpxPgL9i29CJ5O4KANwaMnX/OhhbxzvNa332h+9+nRKyeuLw4wA51lt/ex67+/AdsoBQJF3kgX2feYQ==",
      "dependencies": [
        "binary-search"
      ]
    },
    "color-convert@0.5.3": {
      "integrity": "sha512-RwBeO/B/vZR3dfKL1ye/vx8MHZ40ugzpyfeVG5GsiuGnrlMWe2o8wxBbLCpw9CsxV+wHuzYlCiWnybrIA0ling=="
    },
    "color-name@1.1.4": {
      "integrity": "sha512-dOy+3AuW3a2wNbZHIuMZpTcgjGuLU/uBL/ubcZF9OXbDo8ff4O8yVp5Bf0efS8uEoYo5q4Fx7dY9OgQGXgAsQA=="
    },
    "combined-stream@1.0.8": {
      "integrity": "sha512-FQN4MRfuJeHf7cBbBMJFXhKSDq+2kAArBlmRBvcvFE5BB1HZKXtSFASDhdlz9zOYwxh8lDdnvmMOe/+5cdoEdg==",
      "dependencies": [
        "delayed-stream"
      ]
    },
    "cookie@0.7.2": {
      "integrity": "sha512-yki5XnKuf750l50uGTllt6kKILY4nQ1eNIQatoXEByZ5dWgnKqbnqmTrBE5B4N7lrMJKQ2ytWMiTO2o0v6Ew/w=="
    },
    "css-color-converter@2.0.0": {
      "integrity": "sha512-oLIG2soZz3wcC3aAl/7Us5RS8Hvvc6I8G8LniF/qfMmrm7fIKQ8RIDDRZeKyGL2SrWfNqYspuLShbnjBMVWm8g==",
      "dependencies": [
        "color-convert",
        "color-name",
        "css-unit-converter"
      ]
    },
    "css-unit-converter@1.1.2": {
      "integrity": "sha512-IiJwMC8rdZE0+xiEZHeru6YoONC4rfPMqGm2W85jMIbkFvv5nFTwJVFHam2eFrN6txmoUYFAFXiv8ICVeTO0MA=="
    },
    "delayed-stream@1.0.0": {
      "integrity": "sha512-ZySD7Nf91aLB0RxL4KGrKHBXl7Eds1DAmEdcoVawXnLD7SDhpNgtuII2aAkg7a7QS41jxPSZ17p4VdGnMHk3MQ=="
    },
    "dunder-proto@1.0.1": {
      "integrity": "sha512-KIN/nDJBQRcXw0MLVhZE9iQHmG68qAVIBg9CqmUYjmQIhgij9U5MFvrqkUL5FbtyyzZuOeOt0zdeRe4UY7ct+A==",
      "dependencies": [
        "call-bind-apply-helpers",
        "es-errors",
        "gopd"
      ]
    },
    "es-define-property@1.0.1": {
      "integrity": "sha512-e3nRfgfUZ4rNGL232gUgX06QNyyez04KdjFrF+LTRoOXmrOgFKDg4BCdsjW8EnT69eqdYGmRpJwiPVYNrCaW3g=="
    },
    "es-errors@1.3.0": {
      "integrity": "sha512-Zf5H2Kxt2xjTvbJvP2ZWLEICxA6j+hAmMzIlypy4xcBg1vKVnx89Wy0GbS+kf5cwCVFFzdCFh2XSCFNULS6csw=="
    },
    "es-object-atoms@1.1.1": {
      "integrity": "sha512-FGgH2h8zKNim9ljj7dankFPcICIK9Cp5bm+c2gQSYePhpaG5+esrLODihIorn+Pe6FGJzWhXQotPv73jTaldXA==",
      "dependencies": [
        "es-errors"
      ]
    },
    "es-set-tostringtag@2.1.0": {
      "integrity": "sha512-j6vWzfrGVfyXxge+O0x5sh6cvxAog0a/4Rdd2K36zCMV5eJ+/+tOAngRO8cODMNWbVRdVlmGZQL2YS3yR8bIUA==",
      "dependencies": [
        "es-errors",
        "get-intrinsic",
        "has-tostringtag",
        "hasown"
      ]
    },
    "event-target-shim@5.0.1": {
      "integrity": "sha512-i/2XbnSz/uxRCU6+NdVJgKWDTM427+MqYbkQzD321DuCQJUqOuJKIA0IM2+W2xtYHdKOmZ4dR6fExsd4SXL+WQ=="
    },
    "form-data-encoder@1.7.2": {
      "integrity": "sha512-qfqtYan3rxrnCk1VYaA4H+Ms9xdpPqvLZa6xmMgFvhO32x7/3J/ExcTd6qpxM0vH2GdMI+poehyBZvqfMTto8A=="
    },
    "form-data@4.0.4": {
      "integrity": "sha512-KrGhL9Q4zjj0kiUt5OO4Mr/A/jlI2jDYs5eHBpYHPcBEVSiipAvn2Ko2HnPe20rmcuuvMHNdZFp+4IlGTMF0Ow==",
      "dependencies": [
        "asynckit",
        "combined-stream",
        "es-set-tostringtag",
        "hasown",
        "mime-types"
      ]
    },
    "formdata-node@4.4.1": {
      "integrity": "sha512-0iirZp3uVDjVGt9p49aTaqjk84TrglENEDuqfdlZQ1roC9CWlPk6Avf8EEnZNcAqPonwkG35x4n3ww/1THYAeQ==",
      "dependencies": [
        "node-domexception",
        "web-streams-polyfill"
      ]
    },
    "function-bind@1.1.2": {
      "integrity": "sha512-7XHNxH7qX9xG5mIwxkhumTox/MIRNcOgDrxWsMt2pAr23WHp6MrRlN7FBSFpCpr+oVO0F744iUgR82nJMfG2SA=="
    },
    "get-intrinsic@1.3.0": {
      "integrity": "sha512-9fSjSaos/fRIVIp+xSJlE6lfwhES7LNtKaCBIamHsjr2na1BiABJPo0mOjjz8GJDURarmCPGqaiVg5mfjb98CQ==",
      "dependencies": [
        "call-bind-apply-helpers",
        "es-define-property",
        "es-errors",
        "es-object-atoms",
        "function-bind",
        "get-proto",
        "gopd",
        "has-symbols",
        "hasown",
        "math-intrinsics"
      ]
    },
    "get-proto@1.0.1": {
      "integrity": "sha512-sTSfBjoXBp89JvIKIefqw7U2CCebsc74kiY6awiGogKtoSGbgjYE/G/+l9sF3MWFPNc9IcoOC4ODfKHfxFmp0g==",
      "dependencies": [
        "dunder-proto",
        "es-object-atoms"
      ]
    },
    "gopd@1.2.0": {
      "integrity": "sha512-ZUKRh6/kUFoAiTAtTYPZJ3hw9wNxx+BIBOijnlG9PnrJsCcSjs1wyyD6vJpaYtgnzDrKYRSqf3OO6Rfa93xsRg=="
    },
    "has-symbols@1.1.0": {
      "integrity": "sha512-1cDNdwJ2Jaohmb3sg4OmKaMBwuC48sYni5HUw2DvsC8LjGTLK9h+eb1X6RyuOHe4hT0ULCW68iomhjUoKUqlPQ=="
    },
    "has-tostringtag@1.0.2": {
      "integrity": "sha512-NqADB8VjPFLM2V0VvHUewwwsw0ZWBaIdgo+ieHtK3hasLz4qeCRjYcqfB6AQrBggRKppKF8L52/VqdVsO47Dlw==",
      "dependencies": [
        "has-symbols"
      ]
    },
    "hasown@2.0.2": {
      "integrity": "sha512-0hJU9SCPvmMzIBdZFqNPXWa6dqh7WdH0cII9y+CyS8rG3nL48Bclra9HmKhVVUHyPWNH5Y7xDwAB7bfgSjkUMQ==",
      "dependencies": [
        "function-bind"
      ]
    },
    "humanize-ms@1.2.1": {
      "integrity": "sha512-Fl70vYtsAFb/C06PTS9dZBo7ihau+Tu/DNCk/OyHhea07S+aeMWpFFkUaXRa8fI+ScZbEI8dfSxwY7gxZ9SAVQ==",
      "dependencies": [
        "ms"
      ]
    },
    "iron-session@8.0.4": {
      "integrity": "sha512-9ivNnaKOd08osD0lJ3i6If23GFS2LsxyMU8Gf/uBUEgm8/8CC1hrrCHFDpMo3IFbpBgwoo/eairRsaD3c5itxA==",
      "dependencies": [
        "cookie",
        "iron-webcrypto",
        "uncrypto"
      ]
    },
    "iron-webcrypto@1.2.1": {
      "integrity": "sha512-feOM6FaSr6rEABp/eDfVseKyTMDt+KGpeB35SkVn9Tyn0CqvVsY3EwI0v5i8nMHyJnzCIQf7nsy3p41TPkJZhg=="
    },
    "math-intrinsics@1.1.0": {
      "integrity": "sha512-/IXtbwEk5HTPyEwyKX6hGkYXxM9nbj64B+ilVJnC/R6B0pH5G4V3b0pVbL7DBj4tkhBAppbQUlf6F6Xl9LHu1g=="
    },
    "mime-db@1.52.0": {
      "integrity": "sha512-sPU4uV7dYlvtWJxwwxHD0PuihVNiE7TyAbQ5SWxDCB9mUYvOgroQOwYQQOKPJ8CIbE+1ETVlOoK1UC2nU3gYvg=="
    },
    "mime-types@2.1.35": {
      "integrity": "sha512-ZDY+bPm5zTTF+YpCrAU9nK0UgICYPT0QtT1NZWFv4s++TNkcgVaT0g6+4R2uI4MjQjzysHB1zxuWL50hzaeXiw==",
      "dependencies": [
        "mime-db"
      ]
    },
    "ms@2.1.3": {
      "integrity": "sha512-6FlzubTLZG3J2a/NVCAleEhjzq5oxgHyaCU9yYXvcLsvoVaHJq/s5xXI6/XXP6tz7R9xAOtHnSO/tXtF3WRTlA=="
    },
    "node-domexception@1.0.0": {
      "integrity": "sha512-/jKZoMpw0F8GRwl4/eLROPA3cfcXtLApP0QzLmUT/HuPCZWyB7IY9ZrMeKw2O/nFIqPQB3PVM9aYm0F312AXDQ==",
      "deprecated": true
    },
    "node-fetch@2.7.0": {
      "integrity": "sha512-c4FRfUm/dbcWZ7U+1Wq0AwCyFL+3nt2bEw05wfxSz+DWpWsitgmSgYmy2dQdWyKC1694ELPqMs/YzUSNozLt8A==",
      "dependencies": [
        "whatwg-url"
      ]
    },
    "parse-ms@4.0.0": {
      "integrity": "sha512-TXfryirbmq34y8QBwgqCVLi+8oA3oWx2eAnSn62ITyEhEYaWRlVZ2DvMM9eZbMs/RfxPu/PK/aBLyGj4IrqMHw=="
    },
    "preact-render-to-string@6.5.13_preact@10.26.9": {
      "integrity": "sha512-iGPd+hKPMFKsfpR2vL4kJ6ZPcFIoWZEcBf0Dpm3zOpdVvj77aY8RlLiQji5OMrngEyaxGogeakTb54uS2FvA6w==",
      "dependencies": [
        "preact"
      ]
    },
    "preact@10.26.9": {
      "integrity": "sha512-SSjF9vcnF27mJK1XyFMNJzFd5u3pQiATFqoaDy03XuN00u4ziveVVEGt5RKJrDR8MHE/wJo9Nnad56RLzS2RMA=="
    },
    "pretty-ms@9.2.0": {
      "integrity": "sha512-4yf0QO/sllf/1zbZWYnvWw3NxCQwLXKzIj0G849LSufP15BXKM0rbD2Z3wVnkMfjdn/CB0Dpp444gYAACdsplg==",
      "dependencies": [
        "parse-ms"
      ]
    },
    "tr46@0.0.3": {
      "integrity": "sha512-N3WMsuqV66lT30CrXNbEjx4GEwlow3v6rr4mCcv6prnfwhS01rkgyFdjPNBYd9br7LpXV1+Emh01fHnq2Gdgrw=="
    },
    "uncrypto@0.1.3": {
      "integrity": "sha512-Ql87qFHB3s/De2ClA9e0gsnS6zXG27SkTiSJwjCc9MebbfapQfuPzumMIUMi38ezPZVNFcHI9sUIepeQfw8J8Q=="
    },
    "undici-types@5.26.5": {
      "integrity": "sha512-JlCMO+ehdEIKqlFxk6IfVoAUVmgz7cU7zD/h9XZ0qzeosSHmUJVOzSQvvYSYWXkFXC+IfLKSIffhv0sVZup6pA=="
    },
    "undici-types@7.10.0": {
      "integrity": "sha512-t5Fy/nfn+14LuOc2KNYg75vZqClpAiqscVvMygNnlsHBFpSXdJaYtXMcdNLpl/Qvc3P2cB3s6lOV51nqsFq4ag=="
    },
    "web-streams-polyfill@4.0.0-beta.3": {
      "integrity": "sha512-QW95TCTaHmsYfHDybGMwO5IJIM93I/6vTRk+daHTWFPhwh+C8Cg7j7XyKrwrj8Ib6vYXe0ocYNrmzY4xAAN6ug=="
    },
    "webidl-conversions@3.0.1": {
      "integrity": "sha512-2JAn3z8AR6rjK8Sm8orRC0h/bcl/DqL7tRPdGZ4I1CjdF+EaMLmYxBHyXuKL849eucPFhvBoxMsflfOb8kxaeQ=="
    },
    "whatwg-url@5.0.0": {
      "integrity": "sha512-saE57nupxk6v3HY35+jzBwYa0rKSy0XR8JSxZPwgLr7ys0IBzhGviA1/TUGJLmSVqs8pb9AnvICXEuOHLprYTw==",
      "dependencies": [
        "tr46",
        "webidl-conversions"
      ]
    }
  },
  "redirects": {
    "https://esm.sh/@libsql/core@^0.6.0/api?target=denonext": "https://esm.sh/@libsql/core@0.6.2/api?target=denonext",
    "https://esm.sh/@libsql/core@^0.6.0/config?target=denonext": "https://esm.sh/@libsql/core@0.6.2/config?target=denonext",
    "https://esm.sh/@libsql/core@^0.6.0/uri?target=denonext": "https://esm.sh/@libsql/core@0.6.2/uri?target=denonext",
    "https://esm.sh/@libsql/core@^0.6.0/util?target=denonext": "https://esm.sh/@libsql/core@0.6.2/util?target=denonext",
    "https://esm.sh/@libsql/hrana-client@^0.6.0?target=denonext": "https://esm.sh/@libsql/hrana-client@0.6.2?target=denonext",
    "https://esm.sh/@libsql/isomorphic-fetch@^0.2.1?target=denonext": "https://esm.sh/@libsql/isomorphic-fetch@0.2.5?target=denonext",
    "https://esm.sh/@libsql/isomorphic-ws@^0.1.5?target=denonext": "https://esm.sh/@libsql/isomorphic-ws@0.1.5?target=denonext",
    "https://esm.sh/@types/ws@~8.5.13/index.d.mts": "https://esm.sh/@types/ws@8.5.14/index.d.mts",
    "https://esm.sh/drizzle-orm": "https://esm.sh/drizzle-orm@0.44.5",
    "https://esm.sh/drizzle-orm/sqlite-core": "https://esm.sh/drizzle-orm@0.44.5/sqlite-core",
    "https://esm.sh/drizzle-orm/sqlite-proxy": "https://esm.sh/drizzle-orm@0.44.5/sqlite-proxy",
    "https://esm.sh/js-base64@^3.7.5?target=denonext": "https://esm.sh/js-base64@3.7.7?target=denonext",
    "https://esm.sh/preact/jsx-runtime": "https://esm.sh/preact@10.26.9/jsx-runtime",
    "https://esm.town/v/std/sqlite2": "https://esm.town/v/std/sqlite2?v=1"
  },
  "remote": {
    "https://esm.sh/@libsql/client@0.6.0/denonext/http.mjs": "148037581e5bb18e1b4d538611ca902103b9d05dfb331a3b1e615102a6d4204c",
    "https://esm.sh/@libsql/client@0.6.0/denonext/lib-esm/hrana.mjs": "7de504e4bfb97232286984b7b2df280a8a22d6b0a95c6fa2bf0dc8300963cfb9",
    "https://esm.sh/@libsql/client@0.6.0/denonext/lib-esm/sql_cache.mjs": "60c67baa99a6c37b73a96c1b66bb93295460f1eb89197befe7957e5441cb0046",
    "https://esm.sh/@libsql/client@0.6.0/denonext/web.mjs": "753c925c0c42839e5dc6cd9545d3857f235cc86d61d202b2fcc4f769c24d3af2",
    "https://esm.sh/@libsql/client@0.6.0/denonext/ws.mjs": "77353749d561df39bdd259fd61662859683139b527db150b501c77ff633948fa",
    "https://esm.sh/@libsql/client@0.6.0/web": "1b94d6f16284ebc3a7424499a5db8f5d01ae04403847a4cf3d2b6c2f18d2ffaa",
    "https://esm.sh/@libsql/core@0.6.2/api?target=denonext": "822c5ca0d275c77eada3263848d3671a015eb04cbdbd49ef3a6da53e2c5a3966",
    "https://esm.sh/@libsql/core@0.6.2/config?target=denonext": "e804f2d6faec42aeb9d8d01444acfa61ccd6a110082a18b38954ee72bc57b555",
    "https://esm.sh/@libsql/core@0.6.2/denonext/api.mjs": "4666c2f1616b4f726cad8693de709f5ce9ee5c54403faca6afc638af71226393",
    "https://esm.sh/@libsql/core@0.6.2/denonext/config.mjs": "1a81494c5a1f2bd3a4ad0e342e39a726dec2215d004396be8b4ae12368231544",
    "https://esm.sh/@libsql/core@0.6.2/denonext/uri.mjs": "ff5528490e7495c51111b336ecf8ec253e05e999e59cd09332c8e34b05c59963",
    "https://esm.sh/@libsql/core@0.6.2/denonext/util.mjs": "5bec6660d3c9d3239e1a71c542368d6a8bea3c230c504b4a7e279f797e73c737",
    "https://esm.sh/@libsql/core@0.6.2/uri?target=denonext": "8e98eeca38a501f9b54e78db24b9fcec5d6e2d3e6cf6b62ad43bc00304998993",
    "https://esm.sh/@libsql/core@0.6.2/util?target=denonext": "921b1c575afc0471937fc9bc2bd0d114e8dba324b6dc863c82ae1a694af0052d",
    "https://esm.sh/@libsql/hrana-client@0.6.2/denonext/hrana-client.mjs": "745551ed76a95591f6ae08d2b4a3bf7384be99b21580f66270d3cdede1ba2447",
    "https://esm.sh/@libsql/hrana-client@0.6.2?target=denonext": "4c32b73eb71515d731ac4169b3e951cd41402ccbb4c33e42fc55ab9aafafe4e5",
    "https://esm.sh/@libsql/isomorphic-fetch@0.2.5/denonext/isomorphic-fetch.mjs": "e5c81d082ca4319b8f8e40644bcf60e9f47e3a9615b8e25fc0fa757d90ec4d61",
    "https://esm.sh/@libsql/isomorphic-fetch@0.2.5?target=denonext": "e52f931ee2fa28e03406ca26a7c47b75cf6731fb81fa41b4ed72910ee65c8e3b",
    "https://esm.sh/@libsql/isomorphic-ws@0.1.5/denonext/isomorphic-ws.mjs": "9d104b6fe80cb913bd8b09e76a6e7e83e5d7537bd7dbf1d593da5842888cd2b2",
    "https://esm.sh/@libsql/isomorphic-ws@0.1.5?target=denonext": "0d1a1aa981e92234677ee9b98e72d31125bde45d08cb653917dd2c5144001c9a",
    "https://esm.sh/drizzle-orm@0.44.5": "83414623520b01620722f15627c31b7b676fd1de2ca3924c65d218f7a9497a82",
    "https://esm.sh/drizzle-orm@0.44.5/denonext/alias.mjs": "c99e3ec9563e2f27851296e044d8f5fdeeea77248b40b29027f7f6411ef0d5d2",
    "https://esm.sh/drizzle-orm@0.44.5/denonext/cache/core.mjs": "d08fcc4e3cf5effd61e513dcb659949b187b187720ec0272c037fd4a58ebddf4",
    "https://esm.sh/drizzle-orm@0.44.5/denonext/cache/core/cache.mjs": "294f44c5ab50937920456d1fbdab5d7e1109d60c5c85e5b510683ab6f2d12b19",
    "https://esm.sh/drizzle-orm@0.44.5/denonext/casing.mjs": "ec4fadc1e7d7a45826bb97a7b10821c135860fad040ddc6e0e3bb32025003bbf",
    "https://esm.sh/drizzle-orm@0.44.5/denonext/column-builder.mjs": "e948774588a83f80883382b6adb628d4ccc2776f9d4aca9bb4dc2dd2082159f1",
    "https://esm.sh/drizzle-orm@0.44.5/denonext/column.mjs": "dce580f38821f9c9b8baa596474591ecbe4d97c5e79d561b27b232951f767f88",
    "https://esm.sh/drizzle-orm@0.44.5/denonext/drizzle-orm.mjs": "e80a1317a25678ce0e2a39fb4dc9b22907c17191439777e906cc8b10e7ddf911",
    "https://esm.sh/drizzle-orm@0.44.5/denonext/entity.mjs": "c902647327e17435e19c3ed1d9b6b637fe978b73225917ffb3abd2fb4614cfd5",
    "https://esm.sh/drizzle-orm@0.44.5/denonext/errors.mjs": "087d32567b75ae64505c38cd7b63b479b95dd610c1ceb02e8099211ff88b2b51",
    "https://esm.sh/drizzle-orm@0.44.5/denonext/logger.mjs": "097985f3bca04398cf4dc44a20bb59e452f5f17116a1ca6488b459001c51c699",
    "https://esm.sh/drizzle-orm@0.44.5/denonext/operations.mjs": "dbccaa06ed37d30e637682b06452c09955745afa0cac6e14a23af08085170b6c",
    "https://esm.sh/drizzle-orm@0.44.5/denonext/pg-core/columns/all.mjs": "75d450445a5b673bfe2e33ad9716040518e250af9ebf4008f69ac7467e235978",
    "https://esm.sh/drizzle-orm@0.44.5/denonext/pg-core/columns/bigint.mjs": "4941d0f17e0761c53b5980700bba7d741b8bdc03dd0085154340fc55168bf8bc",
    "https://esm.sh/drizzle-orm@0.44.5/denonext/pg-core/columns/bigserial.mjs": "e56d5cefc9b05c1852a66e892b8eebda67959ff203f4e414a9ab51898562562f",
    "https://esm.sh/drizzle-orm@0.44.5/denonext/pg-core/columns/boolean.mjs": "37189203e49245f9cf8a4bfe82c34cbe7a9673fed373bb1f0b6ffe9bbc45a1da",
    "https://esm.sh/drizzle-orm@0.44.5/denonext/pg-core/columns/char.mjs": "6cdf52f12bf49693ca5d53780a8c0ef1e659073ff78e33a2f5744aa732b6e183",
    "https://esm.sh/drizzle-orm@0.44.5/denonext/pg-core/columns/cidr.mjs": "8c8f150f0e3f29e1e39145e259395a2518e03e4c8a88127ad23e383b11143b40",
    "https://esm.sh/drizzle-orm@0.44.5/denonext/pg-core/columns/common.mjs": "374582a3b9a0760eda9c1308f783b10662b386741e1494e89852b8be6fb44270",
    "https://esm.sh/drizzle-orm@0.44.5/denonext/pg-core/columns/custom.mjs": "49c556d7fca37a3f841f6208f76329f700a39a8565f6eab5fc3ca17e3e7ca186",
    "https://esm.sh/drizzle-orm@0.44.5/denonext/pg-core/columns/date.common.mjs": "8a13103976e7d1df83cf18e8c37a8cf9d5b7b10eeb6347784509585cb9733945",
    "https://esm.sh/drizzle-orm@0.44.5/denonext/pg-core/columns/date.mjs": "a8599bcd886dd5911050c21c268ae0409e5616a9d0831998c97a6aec64c1efa7",
    "https://esm.sh/drizzle-orm@0.44.5/denonext/pg-core/columns/double-precision.mjs": "d2d1d5a47008ec0aaa5c2f254592a985d693d6f693fca49339efbd6f23bd3b26",
    "https://esm.sh/drizzle-orm@0.44.5/denonext/pg-core/columns/enum.mjs": "9c07cc3de2089d500442b3f373642b3db9f050c071373991735798d4b4f336c4",
    "https://esm.sh/drizzle-orm@0.44.5/denonext/pg-core/columns/inet.mjs": "c5c0ae9efa816241b3752fddb8dd45e6dadbc547c25378a4eb84bd76b455b694",
    "https://esm.sh/drizzle-orm@0.44.5/denonext/pg-core/columns/int.common.mjs": "b5c106059d7a7a1df8bf9e85461c37dda675f85b86540d10a5cfd18712157366",
    "https://esm.sh/drizzle-orm@0.44.5/denonext/pg-core/columns/integer.mjs": "0ad847c9bccf085cb873c484b0f6e4597f040b250f88d87aa69e2b61860e2d0a",
    "https://esm.sh/drizzle-orm@0.44.5/denonext/pg-core/columns/interval.mjs": "05c36944bf7de14ae36ea9494d67893510522efb9715e20dfef55699afba9435",
    "https://esm.sh/drizzle-orm@0.44.5/denonext/pg-core/columns/json.mjs": "f450ea13a4b4cdd98cbdba0c1d2aec64b2c0b3f7ab8928b3e1469a0099c4df66",
    "https://esm.sh/drizzle-orm@0.44.5/denonext/pg-core/columns/jsonb.mjs": "ad227c666c515a3f9749fbb8131fb8ed33bdd6f8bcfa0c4459fc39ce297e54ff",
    "https://esm.sh/drizzle-orm@0.44.5/denonext/pg-core/columns/line.mjs": "c84209f71ab9636f0bb1b8c8ec8923296a3ffef7e76e231b620494bbba38d555",
    "https://esm.sh/drizzle-orm@0.44.5/denonext/pg-core/columns/macaddr.mjs": "32425e638f41f90bfffd20215ff59e1a2b2b534ee8255e13e00bcc5b48455c98",
    "https://esm.sh/drizzle-orm@0.44.5/denonext/pg-core/columns/macaddr8.mjs": "502192ac1d97249f2e25736ea5498f154ac2c6ee287a817045436d9cf09572ae",
    "https://esm.sh/drizzle-orm@0.44.5/denonext/pg-core/columns/numeric.mjs": "011467139a385a4cc309bd3930ed993be2a7601505e4315aae1dc419e0b8f14c",
    "https://esm.sh/drizzle-orm@0.44.5/denonext/pg-core/columns/point.mjs": "a44d569e4d749fa60317de244ded127a668b06f7b56fbcc4c9157320e0e299e9",
    "https://esm.sh/drizzle-orm@0.44.5/denonext/pg-core/columns/postgis_extension/geometry.mjs": "47f9df1d4e1c0930fbfa7a15b9feaf04e2059b098228125f80774f3e1169eac0",
    "https://esm.sh/drizzle-orm@0.44.5/denonext/pg-core/columns/postgis_extension/utils.mjs": "de4b18176ede16744a0d31d75b526d5657115b3b5a91647ab3ffade49749a57e",
    "https://esm.sh/drizzle-orm@0.44.5/denonext/pg-core/columns/real.mjs": "ca57d6f8e533b139662141a25e6bb5daf2c60d8dfdca4c9f7d4aefc096095d9d",
    "https://esm.sh/drizzle-orm@0.44.5/denonext/pg-core/columns/serial.mjs": "1aa0e41d973c0f1a0082ec3b7fdae10fb8ae955abc8fa5769e27bba8582d9002",
    "https://esm.sh/drizzle-orm@0.44.5/denonext/pg-core/columns/smallint.mjs": "34310b588572d99fa4147fdcdc947e8564e85183ba2d88d7516af8d802c073ec",
    "https://esm.sh/drizzle-orm@0.44.5/denonext/pg-core/columns/smallserial.mjs": "c06de87ada7ed520eb40221780c3bb558d3b01b1dc07a790e53cfb307e028078",
    "https://esm.sh/drizzle-orm@0.44.5/denonext/pg-core/columns/text.mjs": "cddf5e2f3d6de804429674e8e15f586cfa9dc53d78a280b415c68b0ba7fd303f",
    "https://esm.sh/drizzle-orm@0.44.5/denonext/pg-core/columns/time.mjs": "2d78f21a452208bb0bfe6577fd172aca7d738e53c323d38df42491cb53f6e7c4",
    "https://esm.sh/drizzle-orm@0.44.5/denonext/pg-core/columns/timestamp.mjs": "1c3260c154b332e709f6b786a716d4845e70242d98a3d9bbea14d13872d27364",
    "https://esm.sh/drizzle-orm@0.44.5/denonext/pg-core/columns/uuid.mjs": "089edbb6ff85b7e7a3930279f56614e642ac22b6125581b33a43f8e16d990845",
    "https://esm.sh/drizzle-orm@0.44.5/denonext/pg-core/columns/varchar.mjs": "1672306170d51bb3ff45d6c00b82738c50d07c3c48328f71b19fa95fb9b112a3",
    "https://esm.sh/drizzle-orm@0.44.5/denonext/pg-core/columns/vector_extension/bit.mjs": "d8aeb46da3a0a695e073d1a8260607b2673abc48c0da9ff602c915ee8ae8fbfa",
    "https://esm.sh/drizzle-orm@0.44.5/denonext/pg-core/columns/vector_extension/halfvec.mjs": "8a7335043c0cbaf5fa7eeed310e78aa4d12808cb452d0f93935f54235af4d179",
    "https://esm.sh/drizzle-orm@0.44.5/denonext/pg-core/columns/vector_extension/sparsevec.mjs": "0e471577ff373a6ca5813dfabf946d02246bbc8dc661ebfc9b9f20b8d07b29e1",
    "https://esm.sh/drizzle-orm@0.44.5/denonext/pg-core/columns/vector_extension/vector.mjs": "bb888e0988b80fa5f230f9648950807efd998015ed8095fd67883a32ac4b6c3d",
    "https://esm.sh/drizzle-orm@0.44.5/denonext/pg-core/foreign-keys.mjs": "5ed3b411f0a0e2cf659c62f415b361fbaee5cee15800868528d5696935a48dbd",
    "https://esm.sh/drizzle-orm@0.44.5/denonext/pg-core/primary-keys.mjs": "f1f20059f29a01f0ef2d5e8a8d79332d403c9137ca43dd5a7ab99fc684afcfdd",
    "https://esm.sh/drizzle-orm@0.44.5/denonext/pg-core/table.mjs": "1684f8d89413d2369eb94cbb5d23ea7e12f9eb3079d6a80d46817c7544177e6b",
    "https://esm.sh/drizzle-orm@0.44.5/denonext/pg-core/unique-constraint.mjs": "38df6b770e9b2a62ba5099c1b9ab86cdd6a21610c650f1ae5cd5d37ab698ea84",
    "https://esm.sh/drizzle-orm@0.44.5/denonext/pg-core/utils/array.mjs": "813bfcc1a7c29720acbd5222cc6a03c17317079492a796ac1580fb93465b2319",
    "https://esm.sh/drizzle-orm@0.44.5/denonext/query-builders/query-builder.mjs": "ebc6bf56da91a9bbb375cb1950698a2caa499a1acaa4079bd82aa4d8e8eb3260",
    "https://esm.sh/drizzle-orm@0.44.5/denonext/query-promise.mjs": "da15a94a830650aa4a1927b56153a28bb41d5ac820614e8187772b7c9ef22ed5",
    "https://esm.sh/drizzle-orm@0.44.5/denonext/relations.mjs": "548a0f3f0b075e072c14fde3a41525d6f29696b4d04e0fa05583144b444f5406",
    "https://esm.sh/drizzle-orm@0.44.5/denonext/selection-proxy.mjs": "77b73a45975200a0b87df8ab6cb67c4c42864f961f7e3c3eee7ac83353a599eb",
    "https://esm.sh/drizzle-orm@0.44.5/denonext/sql.mjs": "3b2b42cbabd6b67c39dbfdab69aaa1b7bd35da12ce54108a7522768c10c21fbd",
    "https://esm.sh/drizzle-orm@0.44.5/denonext/sql/expressions.mjs": "4e9cb96a069486281be61f0a09c4f7681558a523a83f39889fe88f37b8b2ed81",
    "https://esm.sh/drizzle-orm@0.44.5/denonext/sql/expressions/conditions.mjs": "dc7b5e642ffedb4fb77a4a6a13c18d5c6e816e9f2b758807ecac36b9351ef724",
    "https://esm.sh/drizzle-orm@0.44.5/denonext/sql/expressions/select.mjs": "c36852e9fc307da265f193a74dd232690bb0a8bfdb4b5ff957de1b56a6211a33",
    "https://esm.sh/drizzle-orm@0.44.5/denonext/sql/functions.mjs": "e25a4d060b7ca7cd882cfbd1cb507ef0d033950a8a961b03dc8ae50dd036f818",
    "https://esm.sh/drizzle-orm@0.44.5/denonext/sql/functions/aggregate.mjs": "d2ed543e001b61acdd91243d84552617616deebe3f078588711fb03a71f6cd15",
    "https://esm.sh/drizzle-orm@0.44.5/denonext/sql/functions/vector.mjs": "975d9947e6547e69a7d3df8c7c875c651a51c98a71ae52590c3d1375f298e644",
    "https://esm.sh/drizzle-orm@0.44.5/denonext/sql/sql.mjs": "e863b36a75ccfd50d67368b22bf49564cff10343b283324c6e5b5dd2f93fb6be",
    "https://esm.sh/drizzle-orm@0.44.5/denonext/sqlite-core.mjs": "0e45932d03ae982dd3da4b299c8020e174a306fe108ac6d665bfb97ace1c108d",
    "https://esm.sh/drizzle-orm@0.44.5/denonext/sqlite-core/alias.mjs": "b552ca36f3e6d0ad4baf7ee6e8e5dbcfe4c6b5189175774036f4c6febcf4962f",
    "https://esm.sh/drizzle-orm@0.44.5/denonext/sqlite-core/checks.mjs": "d2bd308103aff4be87d04a3cab597776711ff34ff791d428081d7adc296cd2c7",
    "https://esm.sh/drizzle-orm@0.44.5/denonext/sqlite-core/columns.mjs": "72a5eaa4a6852afc3345ca15f27bef170c308ac2465bc67a62cf566ed4694881",
    "https://esm.sh/drizzle-orm@0.44.5/denonext/sqlite-core/columns/all.mjs": "d108564d783fc3c9f3d9a5e68c2431a439796d752ddbd1b78f5c6af91d8d161b",
    "https://esm.sh/drizzle-orm@0.44.5/denonext/sqlite-core/columns/blob.mjs": "c4c5002d25dfcb89fa11b8e8f56158438771cc7dfd270d07704b01b97b50e606",
    "https://esm.sh/drizzle-orm@0.44.5/denonext/sqlite-core/columns/common.mjs": "9eaeb1903a432fb83e1f3799f254e68005892105a866c21a47dfcd746d380c4b",
    "https://esm.sh/drizzle-orm@0.44.5/denonext/sqlite-core/columns/custom.mjs": "b1108b157104c50da957e12f02267b721061dea3c127e369e965be1b1a0f8b31",
    "https://esm.sh/drizzle-orm@0.44.5/denonext/sqlite-core/columns/integer.mjs": "810e6f2c2ffd0f31e0b0bd93f7ece341e66c4b65e7665e0130df75b4e3d1bf2e",
    "https://esm.sh/drizzle-orm@0.44.5/denonext/sqlite-core/columns/numeric.mjs": "0ea3868f8cb0d0533edfe7bab6bf52b3d347dc687419223df327954036cbb0e9",
    "https://esm.sh/drizzle-orm@0.44.5/denonext/sqlite-core/columns/real.mjs": "f770e4c014bed98929f18e3b746b335780c05a8aa7e63217f1875f3f3ae20986",
    "https://esm.sh/drizzle-orm@0.44.5/denonext/sqlite-core/columns/text.mjs": "08548332664ccf2fb47855b1665c8d15544b61fe255feec1b073020159f958fb",
    "https://esm.sh/drizzle-orm@0.44.5/denonext/sqlite-core/db.mjs": "36b09e2d791c6d2b860d796ef8b0cd960a30dfcb36be1c5d3bf59ceb98e0d586",
    "https://esm.sh/drizzle-orm@0.44.5/denonext/sqlite-core/dialect.mjs": "5ce8754442e1f326161b76e80fe4f500a87f081209606e2a3b28bf1d4b8ce7cf",
    "https://esm.sh/drizzle-orm@0.44.5/denonext/sqlite-core/foreign-keys.mjs": "db5b28723ce6103ecaf4437b9beb498fff5c0bd86830a6b9902f4b86e76c0984",
    "https://esm.sh/drizzle-orm@0.44.5/denonext/sqlite-core/indexes.mjs": "2e591f3978f61dfcf1345fcc5b5df7c1028dfe53e48d777950ffab37fa878eb9",
    "https://esm.sh/drizzle-orm@0.44.5/denonext/sqlite-core/primary-keys.mjs": "b494af6535c22115350b41979a1a682602dacb016fd390905e189360677b1e2f",
    "https://esm.sh/drizzle-orm@0.44.5/denonext/sqlite-core/query-builders.mjs": "c2fd3d4fc241fc36264a508940a9458fcaf9f1e3eee62b3f80c7c606809613f8",
    "https://esm.sh/drizzle-orm@0.44.5/denonext/sqlite-core/query-builders/count.mjs": "5c30b5f3d57023ff5e6912b332c5f3cf6048f4e3b658e547ee8ae7bbf0881ce0",
    "https://esm.sh/drizzle-orm@0.44.5/denonext/sqlite-core/query-builders/delete.mjs": "4028467f942376d886ca4fd31fe513ecbbb3a4f5103ca8d965dabe06e524a019",
    "https://esm.sh/drizzle-orm@0.44.5/denonext/sqlite-core/query-builders/insert.mjs": "16cab204a270c79667f38ade38764bce73a4fa25fff21e8032f1c4512a7789a6",
    "https://esm.sh/drizzle-orm@0.44.5/denonext/sqlite-core/query-builders/query-builder.mjs": "21bdf51856f833dfb1e0c6e189a61bd54e464344c0729c92b96d7849af918a64",
    "https://esm.sh/drizzle-orm@0.44.5/denonext/sqlite-core/query-builders/query.mjs": "8cf4021fbc7e56fb925be5a54035513ae4c28cad93cb06c7e45c00c07fea9603",
    "https://esm.sh/drizzle-orm@0.44.5/denonext/sqlite-core/query-builders/raw.mjs": "fe0bc029438fcfbb274135c4a1ca46dce82ebe1dc4b2fab02946167cfdde5d31",
    "https://esm.sh/drizzle-orm@0.44.5/denonext/sqlite-core/query-builders/select.mjs": "df8b415f54992a9f5a9cd8da44699f775c9cf8db791639d72bc7bff0450de760",
    "https://esm.sh/drizzle-orm@0.44.5/denonext/sqlite-core/query-builders/select.types.mjs": "7749bd5b9cde424a2921445da4ee7a4db1622bbd29c4139fcb5e7c1e23896945",
    "https://esm.sh/drizzle-orm@0.44.5/denonext/sqlite-core/query-builders/update.mjs": "e50ea2ba7af3626684b75e91b6809b2679ede005cebfcc7b7b04933daa46e6db",
    "https://esm.sh/drizzle-orm@0.44.5/denonext/sqlite-core/session.mjs": "6a294dd11b3a9ece01e31a0c3c48ca4f3f4c9aebf027524d52f8769b9875d4ff",
    "https://esm.sh/drizzle-orm@0.44.5/denonext/sqlite-core/subquery.mjs": "4f5dbc39224d7965a8a0fc2eff0a0d47648c8e9336e08e48d951aca50ce9b985",
    "https://esm.sh/drizzle-orm@0.44.5/denonext/sqlite-core/table.mjs": "f89e32ddab07d13518e44842be198897bfc1c79f8a1c173de28903b7b46530b7",
    "https://esm.sh/drizzle-orm@0.44.5/denonext/sqlite-core/unique-constraint.mjs": "a6e53823ddd58614601a38c45b18f4d90011183f3708c64e988a23a7cb0d9ff7",
    "https://esm.sh/drizzle-orm@0.44.5/denonext/sqlite-core/utils.mjs": "3e49fe8585faa3dec118cfa544afb9b4156d705488b4eeb0331b1e2865a81416",
    "https://esm.sh/drizzle-orm@0.44.5/denonext/sqlite-core/view-base.mjs": "e991613d2a80e734ab6ba0983eff612e1d3c7b54ab08ac29cc1fff055405665f",
    "https://esm.sh/drizzle-orm@0.44.5/denonext/sqlite-core/view.mjs": "8755edfb203c0cbae41c10633c392899ac3221b67ceee95f7833cdea09eed0f6",
    "https://esm.sh/drizzle-orm@0.44.5/denonext/sqlite-proxy.mjs": "7587913163a19d6deb1f6f8fba290446161ab7fdd61187d10d6c757078383da5",
    "https://esm.sh/drizzle-orm@0.44.5/denonext/sqlite-proxy/driver.mjs": "7a54a43ed36ddc100761ef5c0f0433259159a7747a83745640db07a43637e36d",
    "https://esm.sh/drizzle-orm@0.44.5/denonext/sqlite-proxy/session.mjs": "c98ac1490702156b24007b6bdc956768c44feb33ae2b0a3f4bd9045cb18d86d3",
    "https://esm.sh/drizzle-orm@0.44.5/denonext/subquery.mjs": "9ff9834024e30ee00695766cbdb390d02b61b3b453fb465fa2e4e769e1ce39ef",
    "https://esm.sh/drizzle-orm@0.44.5/denonext/table.mjs": "eb98dfd73ef8cf0fd10ab91afe09a9c041e101a89b87cc90c2e20357ddc0a5dc",
    "https://esm.sh/drizzle-orm@0.44.5/denonext/table.utils.mjs": "64092d3aa57743b3754b68e3304c99c6debe2127b8ab164155763322845dae93",
    "https://esm.sh/drizzle-orm@0.44.5/denonext/tracing-utils.mjs": "74fe8e5ff9905199fdf5de78aceefe47424340f44f89a55603709077e4689ea4",
    "https://esm.sh/drizzle-orm@0.44.5/denonext/tracing.mjs": "3003910b814553e609594a8c43ce425e7cb75eaf1be0b21a4f476d1daab991bf",
    "https://esm.sh/drizzle-orm@0.44.5/denonext/utils.mjs": "ab0df9d22c4982ffaa863f593aabc60e37d84bb0fd6b144c3e20903bf0b5cfd1",
    "https://esm.sh/drizzle-orm@0.44.5/denonext/version.mjs": "d840a3acf82f8bb06dfed669fe63cd3a433b28a3c21e344e63e5e69ffe08e72b",
    "https://esm.sh/drizzle-orm@0.44.5/denonext/view-common.mjs": "e58eb0fc8e11161fe0c023908b7022ab905040f55d27f245b6a4c7978c9b4b00",
    "https://esm.sh/drizzle-orm@0.44.5/sqlite-core": "fe70c40e7eb9eb52d23f2b394b3f53179140cf3a621c75fe4543cbea7562a210",
    "https://esm.sh/drizzle-orm@0.44.5/sqlite-proxy": "fb5f4b7ef5f9f17c85e21d3c1b6282763fade01bd97ae97dd3c3e71e1c6151f9",
    "https://esm.sh/js-base64@3.7.7/denonext/js-base64.mjs": "277e909132eeaa5e0814d0a66d664c14891770614d3ec463d6d8d6ee78787f31",
    "https://esm.sh/js-base64@3.7.7?target=denonext": "5b6379296e1f6e8d0c5b5514d6b15f0fe36cd40a5c7b8573f31d0eeb333f033f",
    "https://esm.sh/preact@10.26.9/denonext/jsx-runtime.mjs": "2af221962760a4b5fdfb42213048bdc3d1a4a7bbaef2cfb463a0dc03209cfe9c",
    "https://esm.sh/preact@10.26.9/denonext/preact.mjs": "4cd7a49dac13e586b0e110cfa468caa933fd3dc7c101de55642a3771a4f242cf",
    "https://esm.sh/preact@10.26.9/jsx-runtime": "5275e34223b5680f435f85ce09a0598d19f6ca8efe9e6f8556fd90a1e3be1705",
    "https://esm.town/v/std/sqlite2?v=1": "999228f0909ee54de363f19f7ee2dcd157aec9a632b1240470b1bea0fc0dba58",
    "https://esm.town/v/std/utils@85-main/file/index.ts": "f7b4d1f95fb1ef1cbcb3bc0d2fe83194f18403c7d35115a9f066cba4ef6b84d0",
    "https://esm.town/v/std/utils@85-main/index.ts": "3d060a58ccd352517da960077ffd78b80c1051ca2117cb37adbff0365cb45efb",
    "https://esm.town/v/std/utils@85-main/parseImportMeta/project.ts": "1a47e75e21faf22b38fb07e6ead284b6a381a48970a39490e585507a8bb47bbf",
    "https://esm.town/v/std/utils@85-main/serve-file/index.ts": "1386c1fe12e8e9a41e3561b0a1e55f332bc559fe98fa81f99434b4f642275cd4",
    "https://esm.town/v/std/utils@85-main/test/index.tsx": "41fc8ccb29945e8cf65263dc61a6840decf9f62fb035be8d0651267ac84b573d"
  },
  "workspace": {
    "dependencies": [
      "jsr:@hono/hono@^4.9.6",
      "jsr:@tijs/hono-oauth-sessions@0.2.2",
      "jsr:@tijs/oauth-client-deno@1.0.2"
    ]
  }
}
